// !$*UTF8*$!
{
	archiveVersion = 1;
	classes = {
	};
	objectVersion = 50;
	objects = {

/* Begin PBXBuildFile section */
		7FF470F5267A243E00E88B97 /* AppDelegate.swift in Sources */ = {isa = PBXBuildFile; fileRef = 7FF470F4267A243E00E88B97 /* AppDelegate.swift */; };
		7FF470F7267A243E00E88B97 /* SceneDelegate.swift in Sources */ = {isa = PBXBuildFile; fileRef = 7FF470F6267A243E00E88B97 /* SceneDelegate.swift */; };
		7FF470F9267A243E00E88B97 /* ViewController.swift in Sources */ = {isa = PBXBuildFile; fileRef = 7FF470F8267A243E00E88B97 /* ViewController.swift */; };
		7FF470FC267A243E00E88B97 /* Main.storyboard in Resources */ = {isa = PBXBuildFile; fileRef = 7FF470FA267A243E00E88B97 /* Main.storyboard */; };
		7FF470FE267A244300E88B97 /* Assets.xcassets in Resources */ = {isa = PBXBuildFile; fileRef = 7FF470FD267A244300E88B97 /* Assets.xcassets */; };
		7FF47101267A244300E88B97 /* LaunchScreen.storyboard in Resources */ = {isa = PBXBuildFile; fileRef = 7FF470FF267A244300E88B97 /* LaunchScreen.storyboard */; };
		7FF4710E267A24EB00E88B97 /* NetworkingManager.swift in Sources */ = {isa = PBXBuildFile; fileRef = 7FF4710D267A24EB00E88B97 /* NetworkingManager.swift */; };
		7FF47111267A252200E88B97 /* SymbolDetailsViewController.swift in Sources */ = {isa = PBXBuildFile; fileRef = 7FF47110267A252200E88B97 /* SymbolDetailsViewController.swift */; };
		7FF47114267A253300E88B97 /* NewsViewController.swift in Sources */ = {isa = PBXBuildFile; fileRef = 7FF47113267A253300E88B97 /* NewsViewController.swift */; };
		7FF47117267A254200E88B97 /* NewsDetailsViewController.swift in Sources */ = {isa = PBXBuildFile; fileRef = 7FF47116267A254200E88B97 /* NewsDetailsViewController.swift */; };
		7FF4711A267A257400E88B97 /* Symbol.swift in Sources */ = {isa = PBXBuildFile; fileRef = 7FF47119267A257400E88B97 /* Symbol.swift */; };
		7FF4711D267A259B00E88B97 /* News.swift in Sources */ = {isa = PBXBuildFile; fileRef = 7FF4711C267A259B00E88B97 /* News.swift */; };
		7FF47123267A2DDB00E88B97 /* SymbolTableViewCell.swift in Sources */ = {isa = PBXBuildFile; fileRef = 7FF47121267A2DDB00E88B97 /* SymbolTableViewCell.swift */; };
		7FF47124267A2DDB00E88B97 /* SymbolTableViewCell.xib in Resources */ = {isa = PBXBuildFile; fileRef = 7FF47122267A2DDB00E88B97 /* SymbolTableViewCell.xib */; };
		7FF47127267A333200E88B97 /* Extensions.swift in Sources */ = {isa = PBXBuildFile; fileRef = 7FF47126267A333200E88B97 /* Extensions.swift */; };
		7FF4712B267A37E700E88B97 /* NewsTableViewCell.swift in Sources */ = {isa = PBXBuildFile; fileRef = 7FF47129267A37E700E88B97 /* NewsTableViewCell.swift */; };
		7FF4712C267A37E700E88B97 /* NewsTableViewCell.xib in Resources */ = {isa = PBXBuildFile; fileRef = 7FF4712A267A37E700E88B97 /* NewsTableViewCell.xib */; };
/* End PBXBuildFile section */

/* Begin PBXFileReference section */
		7FF470F1267A243E00E88B97 /* StockMarkets Test Project.app */ = {isa = PBXFileReference; explicitFileType = wrapper.application; includeInIndex = 0; path = "StockMarkets Test Project.app"; sourceTree = BUILT_PRODUCTS_DIR; };
		7FF470F4267A243E00E88B97 /* AppDelegate.swift */ = {isa = PBXFileReference; lastKnownFileType = sourcecode.swift; path = AppDelegate.swift; sourceTree = "<group>"; };
		7FF470F6267A243E00E88B97 /* SceneDelegate.swift */ = {isa = PBXFileReference; lastKnownFileType = sourcecode.swift; path = SceneDelegate.swift; sourceTree = "<group>"; };
		7FF470F8267A243E00E88B97 /* ViewController.swift */ = {isa = PBXFileReference; lastKnownFileType = sourcecode.swift; path = ViewController.swift; sourceTree = "<group>"; };
		7FF470FB267A243E00E88B97 /* Base */ = {isa = PBXFileReference; lastKnownFileType = file.storyboard; name = Base; path = Base.lproj/Main.storyboard; sourceTree = "<group>"; };
		7FF470FD267A244300E88B97 /* Assets.xcassets */ = {isa = PBXFileReference; lastKnownFileType = folder.assetcatalog; path = Assets.xcassets; sourceTree = "<group>"; };
		7FF47100267A244300E88B97 /* Base */ = {isa = PBXFileReference; lastKnownFileType = file.storyboard; name = Base; path = Base.lproj/LaunchScreen.storyboard; sourceTree = "<group>"; };
		7FF47102267A244300E88B97 /* Info.plist */ = {isa = PBXFileReference; lastKnownFileType = text.plist.xml; path = Info.plist; sourceTree = "<group>"; };
		7FF4710D267A24EB00E88B97 /* NetworkingManager.swift */ = {isa = PBXFileReference; lastKnownFileType = sourcecode.swift; path = NetworkingManager.swift; sourceTree = "<group>"; };
		7FF47110267A252200E88B97 /* SymbolDetailsViewController.swift */ = {isa = PBXFileReference; lastKnownFileType = sourcecode.swift; path = SymbolDetailsViewController.swift; sourceTree = "<group>"; };
		7FF47113267A253300E88B97 /* NewsViewController.swift */ = {isa = PBXFileReference; lastKnownFileType = sourcecode.swift; path = NewsViewController.swift; sourceTree = "<group>"; };
		7FF47116267A254200E88B97 /* NewsDetailsViewController.swift */ = {isa = PBXFileReference; lastKnownFileType = sourcecode.swift; path = NewsDetailsViewController.swift; sourceTree = "<group>"; };
		7FF47119267A257400E88B97 /* Symbol.swift */ = {isa = PBXFileReference; lastKnownFileType = sourcecode.swift; path = Symbol.swift; sourceTree = "<group>"; };
		7FF4711C267A259B00E88B97 /* News.swift */ = {isa = PBXFileReference; lastKnownFileType = sourcecode.swift; path = News.swift; sourceTree = "<group>"; };
		7FF47121267A2DDB00E88B97 /* SymbolTableViewCell.swift */ = {isa = PBXFileReference; lastKnownFileType = sourcecode.swift; path = SymbolTableViewCell.swift; sourceTree = "<group>"; };
		7FF47122267A2DDB00E88B97 /* SymbolTableViewCell.xib */ = {isa = PBXFileReference; lastKnownFileType = file.xib; path = SymbolTableViewCell.xib; sourceTree = "<group>"; };
		7FF47126267A333200E88B97 /* Extensions.swift */ = {isa = PBXFileReference; lastKnownFileType = sourcecode.swift; path = Extensions.swift; sourceTree = "<group>"; };
		7FF47129267A37E700E88B97 /* NewsTableViewCell.swift */ = {isa = PBXFileReference; lastKnownFileType = sourcecode.swift; path = NewsTableViewCell.swift; sourceTree = "<group>"; };
		7FF4712A267A37E700E88B97 /* NewsTableViewCell.xib */ = {isa = PBXFileReference; lastKnownFileType = file.xib; path = NewsTableViewCell.xib; sourceTree = "<group>"; };
/* End PBXFileReference section */

/* Begin PBXFrameworksBuildPhase section */
		7FF470EE267A243E00E88B97 /* Frameworks */ = {
			isa = PBXFrameworksBuildPhase;
			buildActionMask = 2147483647;
			files = (
			);
			runOnlyForDeploymentPostprocessing = 0;
		};
/* End PBXFrameworksBuildPhase section */

/* Begin PBXGroup section */
		7FF470E8267A243E00E88B97 = {
			isa = PBXGroup;
			children = (
				7FF470F3267A243E00E88B97 /* StockMarkets Test Project */,
				7FF470F2267A243E00E88B97 /* Products */,
			);
			sourceTree = "<group>";
		};
		7FF470F2267A243E00E88B97 /* Products */ = {
			isa = PBXGroup;
			children = (
				7FF470F1267A243E00E88B97 /* StockMarkets Test Project.app */,
			);
			name = Products;
			sourceTree = "<group>";
		};
		7FF470F3267A243E00E88B97 /* StockMarkets Test Project */ = {
			isa = PBXGroup;
			children = (
				7FF4710C267A248C00E88B97 /* Controller */,
				7FF4710B267A248500E88B97 /* View */,
				7FF4710A267A246E00E88B97 /* Model */,
				7FF47109267A245F00E88B97 /* Resources */,
				7FF47102267A244300E88B97 /* Info.plist */,
			);
			path = "StockMarkets Test Project";
			sourceTree = "<group>";
		};
		7FF47109267A245F00E88B97 /* Resources */ = {
			isa = PBXGroup;
			children = (
				7FF470F4267A243E00E88B97 /* AppDelegate.swift */,
				7FF470F6267A243E00E88B97 /* SceneDelegate.swift */,
				7FF4710D267A24EB00E88B97 /* NetworkingManager.swift */,
				7FF47126267A333200E88B97 /* Extensions.swift */,
			);
			path = Resources;
			sourceTree = "<group>";
		};
		7FF4710A267A246E00E88B97 /* Model */ = {
			isa = PBXGroup;
			children = (
				7FF47119267A257400E88B97 /* Symbol.swift */,
				7FF4711C267A259B00E88B97 /* News.swift */,
			);
			path = Model;
			sourceTree = "<group>";
		};
		7FF4710B267A248500E88B97 /* View */ = {
			isa = PBXGroup;
			children = (
				7FF470FA267A243E00E88B97 /* Main.storyboard */,
				7FF470FF267A244300E88B97 /* LaunchScreen.storyboard */,
				7FF470FD267A244300E88B97 /* Assets.xcassets */,
				7FF47121267A2DDB00E88B97 /* SymbolTableViewCell.swift */,
				7FF47122267A2DDB00E88B97 /* SymbolTableViewCell.xib */,
				7FF47129267A37E700E88B97 /* NewsTableViewCell.swift */,
				7FF4712A267A37E700E88B97 /* NewsTableViewCell.xib */,
			);
			path = View;
			sourceTree = "<group>";
		};
		7FF4710C267A248C00E88B97 /* Controller */ = {
			isa = PBXGroup;
			children = (
				7FF470F8267A243E00E88B97 /* ViewController.swift */,
				7FF47110267A252200E88B97 /* SymbolDetailsViewController.swift */,
				7FF47113267A253300E88B97 /* NewsViewController.swift */,
				7FF47116267A254200E88B97 /* NewsDetailsViewController.swift */,
			);
			path = Controller;
			sourceTree = "<group>";
		};
/* End PBXGroup section */

/* Begin PBXNativeTarget section */
		7FF470F0267A243E00E88B97 /* StockMarkets Test Project */ = {
			isa = PBXNativeTarget;
			buildConfigurationList = 7FF47105267A244300E88B97 /* Build configuration list for PBXNativeTarget "StockMarkets Test Project" */;
			buildPhases = (
				7FF470ED267A243E00E88B97 /* Sources */,
				7FF470EE267A243E00E88B97 /* Frameworks */,
				7FF470EF267A243E00E88B97 /* Resources */,
			);
			buildRules = (
			);
			dependencies = (
			);
			name = "StockMarkets Test Project";
			productName = "StockMarkets Test Project";
			productReference = 7FF470F1267A243E00E88B97 /* StockMarkets Test Project.app */;
			productType = "com.apple.product-type.application";
		};
/* End PBXNativeTarget section */

/* Begin PBXProject section */
		7FF470E9267A243E00E88B97 /* Project object */ = {
			isa = PBXProject;
			attributes = {
				LastSwiftUpdateCheck = 1230;
				LastUpgradeCheck = 1230;
				TargetAttributes = {
					7FF470F0267A243E00E88B97 = {
						CreatedOnToolsVersion = 12.3;
					};
				};
			};
			buildConfigurationList = 7FF470EC267A243E00E88B97 /* Build configuration list for PBXProject "StockMarkets Test Project" */;
			compatibilityVersion = "Xcode 9.3";
			developmentRegion = en;
			hasScannedForEncodings = 0;
			knownRegions = (
				en,
				Base,
			);
			mainGroup = 7FF470E8267A243E00E88B97;
			productRefGroup = 7FF470F2267A243E00E88B97 /* Products */;
			projectDirPath = "";
			projectRoot = "";
			targets = (
				7FF470F0267A243E00E88B97 /* StockMarkets Test Project */,
			);
		};
/* End PBXProject section */

/* Begin PBXResourcesBuildPhase section */
		7FF470EF267A243E00E88B97 /* Resources */ = {
			isa = PBXResourcesBuildPhase;
			buildActionMask = 2147483647;
			files = (
				7FF47101267A244300E88B97 /* LaunchScreen.storyboard in Resources */,
				7FF47124267A2DDB00E88B97 /* SymbolTableViewCell.xib in Resources */,
				7FF470FE267A244300E88B97 /* Assets.xcassets in Resources */,
				7FF470FC267A243E00E88B97 /* Main.storyboard in Resources */,
				7FF4712C267A37E700E88B97 /* NewsTableViewCell.xib in Resources */,
			);
			runOnlyForDeploymentPostprocessing = 0;
		};
/* End PBXResourcesBuildPhase section */

/* Begin PBXSourcesBuildPhase section */
		7FF470ED267A243E00E88B97 /* Sources */ = {
			isa = PBXSourcesBuildPhase;
			buildActionMask = 2147483647;
			files = (
				7FF470F9267A243E00E88B97 /* ViewController.swift in Sources */,
				7FF47117267A254200E88B97 /* NewsDetailsViewController.swift in Sources */,
				7FF4712B267A37E700E88B97 /* NewsTableViewCell.swift in Sources */,
				7FF4710E267A24EB00E88B97 /* NetworkingManager.swift in Sources */,
				7FF47123267A2DDB00E88B97 /* SymbolTableViewCell.swift in Sources */,
				7FF4711D267A259B00E88B97 /* News.swift in Sources */,
				7FF47111267A252200E88B97 /* SymbolDetailsViewController.swift in Sources */,
				7FF47114267A253300E88B97 /* NewsViewController.swift in Sources */,
				7FF4711A267A257400E88B97 /* Symbol.swift in Sources */,
				7FF470F5267A243E00E88B97 /* AppDelegate.swift in Sources */,
				7FF47127267A333200E88B97 /* Extensions.swift in Sources */,
				7FF470F7267A243E00E88B97 /* SceneDelegate.swift in Sources */,
			);
			runOnlyForDeploymentPostprocessing = 0;
		};
/* End PBXSourcesBuildPhase section */

/* Begin PBXVariantGroup section */
		7FF470FA267A243E00E88B97 /* Main.storyboard */ = {
			isa = PBXVariantGroup;
			children = (
				7FF470FB267A243E00E88B97 /* Base */,
			);
			name = Main.storyboard;
			sourceTree = "<group>";
		};
		7FF470FF267A244300E88B97 /* LaunchScreen.storyboard */ = {
			isa = PBXVariantGroup;
			children = (
				7FF47100267A244300E88B97 /* Base */,
			);
			name = LaunchScreen.storyboard;
			sourceTree = "<group>";
		};
/* End PBXVariantGroup section */

/* Begin XCBuildConfiguration section */
		7FF47103267A244300E88B97 /* Debug */ = {
			isa = XCBuildConfiguration;
			buildSettings = {
				ALWAYS_SEARCH_USER_PATHS = NO;
				CLANG_ANALYZER_NONNULL = YES;
				CLANG_ANALYZER_NUMBER_OBJECT_CONVERSION = YES_AGGRESSIVE;
				CLANG_CXX_LANGUAGE_STANDARD = "gnu++14";
				CLANG_CXX_LIBRARY = "libc++";
				CLANG_ENABLE_MODULES = YES;
				CLANG_ENABLE_OBJC_ARC = YES;
				CLANG_ENABLE_OBJC_WEAK = YES;
				CLANG_WARN_BLOCK_CAPTURE_AUTORELEASING = YES;
				CLANG_WARN_BOOL_CONVERSION = YES;
				CLANG_WARN_COMMA = YES;
				CLANG_WARN_CONSTANT_CONVERSION = YES;
				CLANG_WARN_DEPRECATED_OBJC_IMPLEMENTATIONS = YES;
				CLANG_WARN_DIRECT_OBJC_ISA_USAGE = YES_ERROR;
				CLANG_WARN_DOCUMENTATION_COMMENTS = YES;
				CLANG_WARN_EMPTY_BODY = YES;
				CLANG_WARN_ENUM_CONVERSION = YES;
				CLANG_WARN_INFINITE_RECURSION = YES;
				CLANG_WARN_INT_CONVERSION = YES;
				CLANG_WARN_NON_LITERAL_NULL_CONVERSION = YES;
				CLANG_WARN_OBJC_IMPLICIT_RETAIN_SELF = YES;
				CLANG_WARN_OBJC_LITERAL_CONVERSION = YES;
				CLANG_WARN_OBJC_ROOT_CLASS = YES_ERROR;
				CLANG_WARN_QUOTED_INCLUDE_IN_FRAMEWORK_HEADER = YES;
				CLANG_WARN_RANGE_LOOP_ANALYSIS = YES;
				CLANG_WARN_STRICT_PROTOTYPES = YES;
				CLANG_WARN_SUSPICIOUS_MOVE = YES;
				CLANG_WARN_UNGUARDED_AVAILABILITY = YES_AGGRESSIVE;
				CLANG_WARN_UNREACHABLE_CODE = YES;
				CLANG_WARN__DUPLICATE_METHOD_MATCH = YES;
				COPY_PHASE_STRIP = NO;
				DEBUG_INFORMATION_FORMAT = dwarf;
				ENABLE_STRICT_OBJC_MSGSEND = YES;
				ENABLE_TESTABILITY = YES;
				GCC_C_LANGUAGE_STANDARD = gnu11;
				GCC_DYNAMIC_NO_PIC = NO;
				GCC_NO_COMMON_BLOCKS = YES;
				GCC_OPTIMIZATION_LEVEL = 0;
				GCC_PREPROCESSOR_DEFINITIONS = (
					"DEBUG=1",
					"$(inherited)",
				);
				GCC_WARN_64_TO_32_BIT_CONVERSION = YES;
				GCC_WARN_ABOUT_RETURN_TYPE = YES_ERROR;
				GCC_WARN_UNDECLARED_SELECTOR = YES;
				GCC_WARN_UNINITIALIZED_AUTOS = YES_AGGRESSIVE;
				GCC_WARN_UNUSED_FUNCTION = YES;
				GCC_WARN_UNUSED_VARIABLE = YES;
				IPHONEOS_DEPLOYMENT_TARGET = 14.3;
				MTL_ENABLE_DEBUG_INFO = INCLUDE_SOURCE;
				MTL_FAST_MATH = YES;
				ONLY_ACTIVE_ARCH = YES;
				SDKROOT = iphoneos;
				SWIFT_ACTIVE_COMPILATION_CONDITIONS = DEBUG;
				SWIFT_OPTIMIZATION_LEVEL = "-Onone";
			};
			name = Debug;
		};
		7FF47104267A244300E88B97 /* Release */ = {
			isa = XCBuildConfiguration;
			buildSettings = {
				ALWAYS_SEARCH_USER_PATHS = NO;
				CLANG_ANALYZER_NONNULL = YES;
				CLANG_ANALYZER_NUMBER_OBJECT_CONVERSION = YES_AGGRESSIVE;
				CLANG_CXX_LANGUAGE_STANDARD = "gnu++14";
				CLANG_CXX_LIBRARY = "libc++";
				CLANG_ENABLE_MODULES = YES;
				CLANG_ENABLE_OBJC_ARC = YES;
				CLANG_ENABLE_OBJC_WEAK = YES;
				CLANG_WARN_BLOCK_CAPTURE_AUTORELEASING = YES;
				CLANG_WARN_BOOL_CONVERSION = YES;
				CLANG_WARN_COMMA = YES;
				CLANG_WARN_CONSTANT_CONVERSION = YES;
				CLANG_WARN_DEPRECATED_OBJC_IMPLEMENTATIONS = YES;
				CLANG_WARN_DIRECT_OBJC_ISA_USAGE = YES_ERROR;
				CLANG_WARN_DOCUMENTATION_COMMENTS = YES;
				CLANG_WARN_EMPTY_BODY = YES;
				CLANG_WARN_ENUM_CONVERSION = YES;
				CLANG_WARN_INFINITE_RECURSION = YES;
				CLANG_WARN_INT_CONVERSION = YES;
				CLANG_WARN_NON_LITERAL_NULL_CONVERSION = YES;
				CLANG_WARN_OBJC_IMPLICIT_RETAIN_SELF = YES;
				CLANG_WARN_OBJC_LITERAL_CONVERSION = YES;
				CLANG_WARN_OBJC_ROOT_CLASS = YES_ERROR;
				CLANG_WARN_QUOTED_INCLUDE_IN_FRAMEWORK_HEADER = YES;
				CLANG_WARN_RANGE_LOOP_ANALYSIS = YES;
				CLANG_WARN_STRICT_PROTOTYPES = YES;
				CLANG_WARN_SUSPICIOUS_MOVE = YES;
				CLANG_WARN_UNGUARDED_AVAILABILITY = YES_AGGRESSIVE;
				CLANG_WARN_UNREACHABLE_CODE = YES;
				CLANG_WARN__DUPLICATE_METHOD_MATCH = YES;
				COPY_PHASE_STRIP = NO;
				DEBUG_INFORMATION_FORMAT = "dwarf-with-dsym";
				ENABLE_NS_ASSERTIONS = NO;
				ENABLE_STRICT_OBJC_MSGSEND = YES;
				GCC_C_LANGUAGE_STANDARD = gnu11;
				GCC_NO_COMMON_BLOCKS = YES;
				GCC_WARN_64_TO_32_BIT_CONVERSION = YES;
				GCC_WARN_ABOUT_RETURN_TYPE = YES_ERROR;
				GCC_WARN_UNDECLARED_SELECTOR = YES;
				GCC_WARN_UNINITIALIZED_AUTOS = YES_AGGRESSIVE;
				GCC_WARN_UNUSED_FUNCTION = YES;
				GCC_WARN_UNUSED_VARIABLE = YES;
				IPHONEOS_DEPLOYMENT_TARGET = 14.3;
				MTL_ENABLE_DEBUG_INFO = NO;
				MTL_FAST_MATH = YES;
				SDKROOT = iphoneos;
				SWIFT_COMPILATION_MODE = wholemodule;
				SWIFT_OPTIMIZATION_LEVEL = "-O";
				VALIDATE_PRODUCT = YES;
			};
			name = Release;
		};
		7FF47106267A244300E88B97 /* Debug */ = {
			isa = XCBuildConfiguration;
			buildSettings = {
				ASSETCATALOG_COMPILER_APPICON_NAME = AppIcon;
				ASSETCATALOG_COMPILER_GLOBAL_ACCENT_COLOR_NAME = AccentColor;
				CODE_SIGN_STYLE = Automatic;
				DEVELOPMENT_TEAM = J4BH3WR6T4;
				INFOPLIST_FILE = "StockMarkets Test Project/Info.plist";
				LD_RUNPATH_SEARCH_PATHS = (
					"$(inherited)",
					"@executable_path/Frameworks",
				);
				PRODUCT_BUNDLE_IDENTIFIER = "MilosPetrusic.StockMarkets-Test-Project";
				PRODUCT_NAME = "$(TARGET_NAME)";
				SWIFT_VERSION = 5.0;
				TARGETED_DEVICE_FAMILY = "1,2";
			};
			name = Debug;
		};
		7FF47107267A244300E88B97 /* Release */ = {
			isa = XCBuildConfiguration;
			buildSettings = {
				ASSETCATALOG_COMPILER_APPICON_NAME = AppIcon;
				ASSETCATALOG_COMPILER_GLOBAL_ACCENT_COLOR_NAME = AccentColor;
				CODE_SIGN_STYLE = Automatic;
				DEVELOPMENT_TEAM = J4BH3WR6T4;
				INFOPLIST_FILE = "StockMarkets Test Project/Info.plist";
				LD_RUNPATH_SEARCH_PATHS = (
					"$(inherited)",
					"@executable_path/Frameworks",
				);
				PRODUCT_BUNDLE_IDENTIFIER = "MilosPetrusic.StockMarkets-Test-Project";
				PRODUCT_NAME = "$(TARGET_NAME)";
				SWIFT_VERSION = 5.0;
				TARGETED_DEVICE_FAMILY = "1,2";
			};
			name = Release;
		};
/* End XCBuildConfiguration section */

/* Begin XCConfigurationList section */
		7FF470EC267A243E00E88B97 /* Build configuration list for PBXProject "StockMarkets Test Project" */ = {
			isa = XCConfigurationList;
			buildConfigurations = (
				7FF47103267A244300E88B97 /* Debug */,
				7FF47104267A244300E88B97 /* Release */,
			);
			defaultConfigurationIsVisible = 0;
			defaultConfigurationName = Release;
		};
		7FF47105267A244300E88B97 /* Build configuration list for PBXNativeTarget "StockMarkets Test Project" */ = {
			isa = XCConfigurationList;
			buildConfigurations = (
				7FF47106267A244300E88B97 /* Debug */,
				7FF47107267A244300E88B97 /* Release */,
			);
			defaultConfigurationIsVisible = 0;
			defaultConfigurationName = Release;
		};
/* End XCConfigurationList section */
	};
	rootObject = 7FF470E9267A243E00E88B97 /* Project object */;
}
